
Microsoft Visual Studio Solution File, Format Version 12.00
# Visual Studio 15
Project("{FAE04EC0-301F-11D3-BF4B-00C04F79EFBC}") = "UnityEngine.UI", "UnityEngine.UI.csproj", "{61175B42-A2F6-920F-D23A-F56AD4338C3B}"
EndProject
Project("{FAE04EC0-301F-11D3-BF4B-00C04F79EFBC}") = "Assembly-CSharp", "Assembly-CSharp.csproj", "{7150C48C-7C27-8BAE-B6E2-BC203CCC82C6}"
EndProject
Project("{FAE04EC0-301F-11D3-BF4B-00C04F79EFBC}") = "Assembly-CSharp-firstpass", "Assembly-CSharp-firstpass.csproj", "{09DD9C73-389F-5B92-3536-1704C9254F61}"
EndProject
Project("{FAE04EC0-301F-11D3-BF4B-00C04F79EFBC}") = "UnityEditor.UI", "UnityEditor.UI.csproj", "{819CB2AA-7116-3CE6-C091-DF92794F3097}"
EndProject
Project("{FAE04EC0-301F-11D3-BF4B-00C04F79EFBC}") = "Unity.2D.Tilemap.Editor", "Unity.2D.Tilemap.Editor.csproj", "{36662F82-211B-5D9D-DD34-5C3F6ADAB815}"
EndProject
Project("{FAE04EC0-301F-11D3-BF4B-00C04F79EFBC}") = "Unity.2D.Sprite.Editor", "Unity.2D.Sprite.Editor.csproj", "{A43A90E6-3DB7-B335-356D-D50D7D5792FD}"
EndProject
Project("{FAE04EC0-301F-11D3-BF4B-00C04F79EFBC}") = "Assembly-CSharp-Editor", "Assembly-CSharp-Editor.csproj", "{92A100E7-C5E7-74A7-E4D7-B0956038F730}"
EndProject
Project("{FAE04EC0-301F-11D3-BF4B-00C04F79EFBC}") = "Assembly-CSharp-Editor-firstpass", "Assembly-CSharp-Editor-firstpass.csproj", "{ABF82CC1-4793-3F90-80F9-4A879559FF1C}"
EndProject
Global
	GlobalSection(SolutionConfigurationPlatforms) = preSolution
		Debug|Any CPU = Debug|Any CPU
		Release|Any CPU = Release|Any CPU
	EndGlobalSection
	GlobalSection(ProjectConfigurationPlatforms) = postSolution
		{61175B42-A2F6-920F-D23A-F56AD4338C3B}.Debug|Any CPU.ActiveCfg = Debug|Any CPU
		{61175B42-A2F6-920F-D23A-F56AD4338C3B}.Debug|Any CPU.Build.0 = Debug|Any CPU
		{61175B42-A2F6-920F-D23A-F56AD4338C3B}.Release|Any CPU.ActiveCfg = Release|Any CPU
		{61175B42-A2F6-920F-D23A-F56AD4338C3B}.Release|Any CPU.Build.0 = Release|Any CPU
		{7150C48C-7C27-8BAE-B6E2-BC203CCC82C6}.Debug|Any CPU.ActiveCfg = Debug|Any CPU
		{7150C48C-7C27-8BAE-B6E2-BC203CCC82C6}.Debug|Any CPU.Build.0 = Debug|Any CPU
		{7150C48C-7C27-8BAE-B6E2-BC203CCC82C6}.Release|Any CPU.ActiveCfg = Release|Any CPU
		{7150C48C-7C27-8BAE-B6E2-BC203CCC82C6}.Release|Any CPU.Build.0 = Release|Any CPU
		{09DD9C73-389F-5B92-3536-1704C9254F61}.Debug|Any CPU.ActiveCfg = Debug|Any CPU
		{09DD9C73-389F-5B92-3536-1704C9254F61}.Debug|Any CPU.Build.0 = Debug|Any CPU
		{09DD9C73-389F-5B92-3536-1704C9254F61}.Release|Any CPU.ActiveCfg = Release|Any CPU
		{09DD9C73-389F-5B92-3536-1704C9254F61}.Release|Any CPU.Build.0 = Release|Any CPU
		{819CB2AA-7116-3CE6-C091-DF92794F3097}.Debug|Any CPU.ActiveCfg = Debug|Any CPU
		{819CB2AA-7116-3CE6-C091-DF92794F3097}.Debug|Any CPU.Build.0 = Debug|Any CPU
		{819CB2AA-7116-3CE6-C091-DF92794F3097}.Release|Any CPU.ActiveCfg = Release|Any CPU
		{819CB2AA-7116-3CE6-C091-DF92794F3097}.Release|Any CPU.Build.0 = Release|Any CPU
		{36662F82-211B-5D9D-DD34-5C3F6ADAB815}.Debug|Any CPU.ActiveCfg = Debug|Any CPU
		{36662F82-211B-5D9D-DD34-5C3F6ADAB815}.Debug|Any CPU.Build.0 = Debug|Any CPU
		{36662F82-211B-5D9D-DD34-5C3F6ADAB815}.Release|Any CPU.ActiveCfg = Release|Any CPU
		{36662F82-211B-5D9D-DD34-5C3F6ADAB815}.Release|Any CPU.Build.0 = Release|Any CPU
		{A43A90E6-3DB7-B335-356D-D50D7D5792FD}.Debug|Any CPU.ActiveCfg = Debug|Any CPU
		{A43A90E6-3DB7-B335-356D-D50D7D5792FD}.Debug|Any CPU.Build.0 = Debug|Any CPU
		{A43A90E6-3DB7-B335-356D-D50D7D5792FD}.Release|Any CPU.ActiveCfg = Release|Any CPU
		{A43A90E6-3DB7-B335-356D-D50D7D5792FD}.Release|Any CPU.Build.0 = Release|Any CPU
		{92A100E7-C5E7-74A7-E4D7-B0956038F730}.Debug|Any CPU.ActiveCfg = Debug|Any CPU
		{92A100E7-C5E7-74A7-E4D7-B0956038F730}.Debug|Any CPU.Build.0 = Debug|Any CPU
		{92A100E7-C5E7-74A7-E4D7-B0956038F730}.Release|Any CPU.ActiveCfg = Release|Any CPU
		{92A100E7-C5E7-74A7-E4D7-B0956038F730}.Release|Any CPU.Build.0 = Release|Any CPU
		{ABF82CC1-4793-3F90-80F9-4A879559FF1C}.Debug|Any CPU.ActiveCfg = Debug|Any CPU
		{ABF82CC1-4793-3F90-80F9-4A879559FF1C}.Debug|Any CPU.Build.0 = Debug|Any CPU
		{ABF82CC1-4793-3F90-80F9-4A879559FF1C}.Release|Any CPU.ActiveCfg = Release|Any CPU
		{ABF82CC1-4793-3F90-80F9-4A879559FF1C}.Release|Any CPU.Build.0 = Release|Any CPU
	EndGlobalSection
	GlobalSection(SolutionProperties) = preSolution
		HideSolutionNode = FALSE
	EndGlobalSection
EndGlobal
